{
  "version": 4,
  "terraform_version": "1.14.6",
  "serial": 47,
  "lineage": "609ab9eb-bf7e-0b7d-c1ec-5e512a62d2af",
  "outputs": {},
  "resources": [
    {
      "mode": "managed",
      "type": "aws_eks_cluster",
      "name": "trend_cluster",
      "provider": "provider[\"registry.terraform.io/hashicorp/aws\"]",
      "instances": [
        {
          "schema_version": 1,
          "attributes": {
            "access_config": [
              {
                "authentication_mode": "CONFIG_MAP",
                "bootstrap_cluster_creator_admin_permissions": true
              }
            ],
            "arn": "arn:aws:eks:us-east-1:201611060213:cluster/trend-cluster",
            "bootstrap_self_managed_addons": true,
            "certificate_authority": [
              {
                "data": "LS0tLS1CRUdJTiBDRVJUSUZJQ0FURS0tLS0tCk1JSURCVENDQWUyZ0F3SUJBZ0lJSnpGMUpPdURab2t3RFFZSktvWklodmNOQVFFTEJRQXdGVEVUTUJFR0ExVUUKQXhNS2EzVmlaWEp1WlhSbGN6QWVGdzB5TmpBek1Ea3hNek00TURkYUZ3MHpOakF6TURZeE16UXpNRGRhTUJVeApFekFSQmdOVkJBTVRDbXQxWW1WeWJtVjBaWE13Z2dFaU1BMEdDU3FHU0liM0RRRUJBUVVBQTRJQkR3QXdnZ0VLCkFvSUJBUURNdUF3M2FQOEZBYThKa3IxOFh1ZHVtSzBKWGZGRmJkWWlCb0M5cGtZVGd4Z0NIRkxMZ1F6YVlYYVQKbEVmWHlkSkQ4MEZ5YS8raVMxWkpnR2VKc3IyS2J4L0Jud1J5T0ZLUW5qdFNLR2xWR1YvVDcwQjJLUnRKRHBydgpWME9FOVFOSGlkdTMyeU90YTd6MzJzTngvcjNmYjVZRlpHTzdOVU8wZ2NMSnU2TUdxTnJ2KzB1c0wyRjVuU284Ckg0RXNkaE01ODJZaGJHUEp3Rk9GWnpOSzNNVFZpa3QxSXJ4Zmsxa3V5Qm1ESWpBSDBiRTZseEpRS0ZudUtkZWwKT3g3blV0K0dkaG91M3FOS2pjb09pK3NjVUFvUGtaN2prL0NnR09uZVhRRGV6REswa1Q2ajE2VXl4d1VscWtLbQplRlY4cWNiZXVUTitnR0VocWNBL1dBL3dXdFJQQWdNQkFBR2pXVEJYTUE0R0ExVWREd0VCL3dRRUF3SUNwREFQCkJnTlZIUk1CQWY4RUJUQURBUUgvTUIwR0ExVWREZ1FXQkJSZno3ZWlsNGtrdEhNdVVqQ0t3WkVMN0grdzN6QVYKQmdOVkhSRUVEakFNZ2dwcmRXSmxjbTVsZEdWek1BMEdDU3FHU0liM0RRRUJDd1VBQTRJQkFRQk5OSlowU0pxTwpPUktnTldCdTZpeUthRVNrUVVPcU9CL0J4bmVKblloYXRENHJxK0piWHBwR1Qyd2dlalNRd3BuSzVQeUpvbnlBCmVhbVZNNzhXUnZ5MkN5VjdZZjVJa0dFbkROZERhMmlJMXlCQkdCVmZzS2NEUUNCdGpoZUl2c0FEclNnRXNjY08KQTBzNUo1UlVRZ0VBR1RnbWJGbWVFZlBCYzNtUCt2OHV4UzJNQUY5eTUwVzJKNExiVUhnYTNUNUs3VURtdngwVwpqMTNMUGFsRDRrOGdHQkZXY3pZRXpWNjU3NEVVRmI2Z0U2QjUxemUxOE5FM2x4MXBaaDY0aHE0L0s0YmxTMnpoCmsvOUVUVFgvcFc2c3ZNTnRQUnlXbkdTejRrdFp5TDlYUXJsSWUwNEh5dGVxZWJsSjBZNGFaMWNxbUdXM0xBajgKdm1NbWsxNGtpV3VwCi0tLS0tRU5EIENFUlRJRklDQVRFLS0tLS0K"
              }
            ],
            "cluster_id": null,
            "compute_config": [
              {
                "enabled": false,
                "node_pools": [],
                "node_role_arn": ""
              }
            ],
            "control_plane_scaling_config": [
              {
                "tier": "standard"
              }
            ],
            "created_at": "2026-03-09T13:37:58Z",
            "deletion_protection": false,
            "enabled_cluster_log_types": [],
            "encryption_config": [],
            "endpoint": "https://6CE39B18EC0F10074DDA5F4ADF938129.gr7.us-east-1.eks.amazonaws.com",
            "force_update_version": null,
            "id": "trend-cluster",
            "identity": [
              {
                "oidc": [
                  {
                    "issuer": "https://oidc.eks.us-east-1.amazonaws.com/id/6CE39B18EC0F10074DDA5F4ADF938129"
                  }
                ]
              }
            ],
            "kubernetes_network_config": [
              {
                "elastic_load_balancing": [
                  {
                    "enabled": false
                  }
                ],
                "ip_family": "ipv4",
                "service_ipv4_cidr": "10.100.0.0/16",
                "service_ipv6_cidr": ""
              }
            ],
            "name": "trend-cluster",
            "outpost_config": [],
            "platform_version": "eks.5",
            "region": "us-east-1",
            "remote_network_config": [],
            "role_arn": "arn:aws:iam::201611060213:role/eks-cluster-role",
            "status": "ACTIVE",
            "storage_config": [
              {
                "block_storage": [
                  {
                    "enabled": false
                  }
                ]
              }
            ],
            "tags": {},
            "tags_all": {},
            "timeouts": null,
            "upgrade_policy": [
              {
                "support_type": "EXTENDED"
              }
            ],
            "version": "1.35",
            "vpc_config": [
              {
                "cluster_security_group_id": "sg-0ec47ed9ce2f3dc9b",
                "endpoint_private_access": false,
                "endpoint_public_access": true,
                "public_access_cidrs": [
                  "0.0.0.0/0"
                ],
                "security_group_ids": [],
                "subnet_ids": [
                  "subnet-01e097e3f39d536bf",
                  "subnet-0855ebb1a84eaea51"
                ],
                "vpc_id": "vpc-0d8c32a93b5491fc2"
              }
            ],
            "zonal_shift_config": []
          },
          "sensitive_attributes": [],
          "identity_schema_version": 0,
          "private": "eyJlMmJmYjczMC1lY2FhLTExZTYtOGY4OC0zNDM2M2JjN2M0YzAiOnsiY3JlYXRlIjoxODAwMDAwMDAwMDAwLCJkZWxldGUiOjkwMDAwMDAwMDAwMCwidXBkYXRlIjozNjAwMDAwMDAwMDAwfSwic2NoZW1hX3ZlcnNpb24iOiIxIn0=",
          "dependencies": [
            "aws_iam_role.eks_role",
            "aws_iam_role_policy_attachment.eks_policy"
          ]
        }
      ]
    },
    {
      "mode": "managed",
      "type": "aws_eks_node_group",
      "name": "trend_nodes",
      "provider": "provider[\"registry.terraform.io/hashicorp/aws\"]",
      "instances": [
        {
          "status": "tainted",
          "schema_version": 0,
          "attributes": {
            "ami_type": null,
            "arn": null,
            "capacity_type": null,
            "cluster_name": "trend-cluster",
            "disk_size": null,
            "force_update_version": null,
            "id": "trend-cluster:trend-node-group",
            "instance_types": [
              "t2.micro"
            ],
            "labels": null,
            "launch_template": [],
            "node_group_name": "trend-node-group",
            "node_group_name_prefix": null,
            "node_repair_config": null,
            "node_role_arn": "arn:aws:iam::201611060213:role/eks-node-group-role",
            "region": "us-east-1",
            "release_version": null,
            "remote_access": [],
            "resources": null,
            "scaling_config": [
              {
                "desired_size": 2,
                "max_size": 3,
                "min_size": 1
              }
            ],
            "status": null,
            "subnet_ids": [
              "subnet-01e097e3f39d536bf",
              "subnet-0855ebb1a84eaea51"
            ],
            "tags": null,
            "tags_all": null,
            "taint": [],
            "timeouts": null,
            "update_config": null,
            "version": null
          },
          "sensitive_attributes": [],
          "identity_schema_version": 0,
          "private": "eyJlMmJmYjczMC1lY2FhLTExZTYtOGY4OC0zNDM2M2JjN2M0YzAiOnsiY3JlYXRlIjozNjAwMDAwMDAwMDAwLCJkZWxldGUiOjM2MDAwMDAwMDAwMDAsInVwZGF0ZSI6MzYwMDAwMDAwMDAwMH19",
          "dependencies": [
            "aws_eks_cluster.trend_cluster",
            "aws_iam_role.eks_node_role",
            "aws_iam_role.eks_role",
            "aws_iam_role_policy_attachment.eks_policy",
            "aws_iam_role_policy_attachment.node_AmazonEC2ContainerRegistryReadOnly",
            "aws_iam_role_policy_attachment.node_AmazonEKSWorkerNodePolicy",
            "aws_iam_role_policy_attachment.node_AmazonEKS_CNI_Policy"
          ]
        }
      ]
    },
    {
      "mode": "managed",
      "type": "aws_iam_role",
      "name": "eks_node_role",
      "provider": "provider[\"registry.terraform.io/hashicorp/aws\"]",
      "instances": [
        {
          "schema_version": 0,
          "attributes": {
            "arn": "arn:aws:iam::201611060213:role/eks-node-group-role",
            "assume_role_policy": "{\"Statement\":[{\"Action\":\"sts:AssumeRole\",\"Effect\":\"Allow\",\"Principal\":{\"Service\":\"ec2.amazonaws.com\"}}],\"Version\":\"2012-10-17\"}",
            "create_date": "2026-03-09T14:39:15Z",
            "description": "",
            "force_detach_policies": false,
            "id": "eks-node-group-role",
            "inline_policy": [],
            "managed_policy_arns": [
              "arn:aws:iam::aws:policy/AmazonEC2ContainerRegistryReadOnly",
              "arn:aws:iam::aws:policy/AmazonEKSWorkerNodePolicy",
              "arn:aws:iam::aws:policy/AmazonEKS_CNI_Policy"
            ],
            "max_session_duration": 3600,
            "name": "eks-node-group-role",
            "name_prefix": "",
            "path": "/",
            "permissions_boundary": "",
            "tags": {},
            "tags_all": {},
            "unique_id": "AROAS54HUUP2VNYECAFWQ"
          },
          "sensitive_attributes": [],
          "identity_schema_version": 0,
          "identity": {
            "account_id": "201611060213",
            "name": "eks-node-group-role"
          },
          "private": "bnVsbA=="
        }
      ]
    },
    {
      "mode": "managed",
      "type": "aws_iam_role",
      "name": "eks_role",
      "provider": "provider[\"registry.terraform.io/hashicorp/aws\"]",
      "instances": [
        {
          "schema_version": 0,
          "attributes": {
            "arn": "arn:aws:iam::201611060213:role/eks-cluster-role",
            "assume_role_policy": "{\"Statement\":[{\"Action\":\"sts:AssumeRole\",\"Effect\":\"Allow\",\"Principal\":{\"Service\":\"eks.amazonaws.com\"}}],\"Version\":\"2012-10-17\"}",
            "create_date": "2026-03-09T13:22:11Z",
            "description": "",
            "force_detach_policies": false,
            "id": "eks-cluster-role",
            "inline_policy": [],
            "managed_policy_arns": [
              "arn:aws:iam::aws:policy/AdministratorAccess",
              "arn:aws:iam::aws:policy/AmazonEKSClusterPolicy"
            ],
            "max_session_duration": 3600,
            "name": "eks-cluster-role",
            "name_prefix": "",
            "path": "/",
            "permissions_boundary": "",
            "tags": {},
            "tags_all": {},
            "unique_id": "AROAS54HUUP23IWGWNSEV"
          },
          "sensitive_attributes": [],
          "identity_schema_version": 0,
          "identity": {
            "account_id": "201611060213",
            "name": "eks-cluster-role"
          },
          "private": "bnVsbA=="
        }
      ]
    },
    {
      "mode": "managed",
      "type": "aws_iam_role_policy_attachment",
      "name": "eks_policy",
      "provider": "provider[\"registry.terraform.io/hashicorp/aws\"]",
      "instances": [
        {
          "schema_version": 0,
          "attributes": {
            "id": "eks-cluster-role/arn:aws:iam::aws:policy/AmazonEKSClusterPolicy",
            "policy_arn": "arn:aws:iam::aws:policy/AmazonEKSClusterPolicy",
            "role": "eks-cluster-role"
          },
          "sensitive_attributes": [],
          "identity_schema_version": 0,
          "identity": {
            "account_id": "201611060213",
            "policy_arn": "arn:aws:iam::aws:policy/AmazonEKSClusterPolicy",
            "role": "eks-cluster-role"
          },
          "private": "bnVsbA==",
          "dependencies": [
            "aws_iam_role.eks_role"
          ]
        }
      ]
    },
    {
      "mode": "managed",
      "type": "aws_iam_role_policy_attachment",
      "name": "node_AmazonEC2ContainerRegistryReadOnly",
      "provider": "provider[\"registry.terraform.io/hashicorp/aws\"]",
      "instances": [
        {
          "schema_version": 0,
          "attributes": {
            "id": "eks-node-group-role/arn:aws:iam::aws:policy/AmazonEC2ContainerRegistryReadOnly",
            "policy_arn": "arn:aws:iam::aws:policy/AmazonEC2ContainerRegistryReadOnly",
            "role": "eks-node-group-role"
          },
          "sensitive_attributes": [],
          "identity_schema_version": 0,
          "identity": {
            "account_id": "201611060213",
            "policy_arn": "arn:aws:iam::aws:policy/AmazonEC2ContainerRegistryReadOnly",
            "role": "eks-node-group-role"
          },
          "private": "bnVsbA==",
          "dependencies": [
            "aws_iam_role.eks_node_role"
          ]
        }
      ]
    },
    {
      "mode": "managed",
      "type": "aws_iam_role_policy_attachment",
      "name": "node_AmazonEKSWorkerNodePolicy",
      "provider": "provider[\"registry.terraform.io/hashicorp/aws\"]",
      "instances": [
        {
          "schema_version": 0,
          "attributes": {
            "id": "eks-node-group-role/arn:aws:iam::aws:policy/AmazonEKSWorkerNodePolicy",
            "policy_arn": "arn:aws:iam::aws:policy/AmazonEKSWorkerNodePolicy",
            "role": "eks-node-group-role"
          },
          "sensitive_attributes": [],
          "identity_schema_version": 0,
          "identity": {
            "account_id": "201611060213",
            "policy_arn": "arn:aws:iam::aws:policy/AmazonEKSWorkerNodePolicy",
            "role": "eks-node-group-role"
          },
          "private": "bnVsbA==",
          "dependencies": [
            "aws_iam_role.eks_node_role"
          ]
        }
      ]
    },
    {
      "mode": "managed",
      "type": "aws_iam_role_policy_attachment",
      "name": "node_AmazonEKS_CNI_Policy",
      "provider": "provider[\"registry.terraform.io/hashicorp/aws\"]",
      "instances": [
        {
          "schema_version": 0,
          "attributes": {
            "id": "eks-node-group-role/arn:aws:iam::aws:policy/AmazonEKS_CNI_Policy",
            "policy_arn": "arn:aws:iam::aws:policy/AmazonEKS_CNI_Policy",
            "role": "eks-node-group-role"
          },
          "sensitive_attributes": [],
          "identity_schema_version": 0,
          "identity": {
            "account_id": "201611060213",
            "policy_arn": "arn:aws:iam::aws:policy/AmazonEKS_CNI_Policy",
            "role": "eks-node-group-role"
          },
          "private": "bnVsbA==",
          "dependencies": [
            "aws_iam_role.eks_node_role"
          ]
        }
      ]
    },
    {
      "mode": "managed",
      "type": "aws_instance",
      "name": "jenkins",
      "provider": "provider[\"registry.terraform.io/hashicorp/aws\"]",
      "instances": [
        {
          "schema_version": 2,
          "attributes": {
            "ami": "ami-0b6c6ebed2801a5cb",
            "arn": "arn:aws:ec2:us-east-1:201611060213:instance/i-00aecd77b8b1747d0",
            "associate_public_ip_address": true,
            "availability_zone": "us-east-1f",
            "capacity_reservation_specification": [
              {
                "capacity_reservation_preference": "open",
                "capacity_reservation_target": []
              }
            ],
            "cpu_options": [
              {
                "amd_sev_snp": "",
                "core_count": 1,
                "nested_virtualization": "",
                "threads_per_core": 2
              }
            ],
            "credit_specification": [
              {
                "cpu_credits": "unlimited"
              }
            ],
            "disable_api_stop": false,
            "disable_api_termination": false,
            "ebs_block_device": [],
            "ebs_optimized": false,
            "enable_primary_ipv6": null,
            "enclave_options": [
              {
                "enabled": false
              }
            ],
            "ephemeral_block_device": [],
            "force_destroy": false,
            "get_password_data": false,
            "hibernation": false,
            "host_id": "",
            "host_resource_group_arn": null,
            "iam_instance_profile": "",
            "id": "i-00aecd77b8b1747d0",
            "instance_initiated_shutdown_behavior": "stop",
            "instance_lifecycle": "",
            "instance_market_options": [],
            "instance_state": "running",
            "instance_type": "t3.micro",
            "ipv6_address_count": 0,
            "ipv6_addresses": [],
            "key_name": "",
            "launch_template": [],
            "maintenance_options": [
              {
                "auto_recovery": "default"
              }
            ],
            "metadata_options": [
              {
                "http_endpoint": "enabled",
                "http_protocol_ipv6": "disabled",
                "http_put_response_hop_limit": 2,
                "http_tokens": "required",
                "instance_metadata_tags": "disabled"
              }
            ],
            "monitoring": false,
            "network_interface": [],
            "outpost_arn": "",
            "password_data": "",
            "placement_group": "",
            "placement_group_id": "",
            "placement_partition_number": 0,
            "primary_network_interface": [
              {
                "delete_on_termination": true,
                "network_interface_id": "eni-0ef3a9e3f6b3046b6"
              }
            ],
            "primary_network_interface_id": "eni-0ef3a9e3f6b3046b6",
            "private_dns": "ip-10-0-1-154.ec2.internal",
            "private_dns_name_options": [
              {
                "enable_resource_name_dns_a_record": false,
                "enable_resource_name_dns_aaaa_record": false,
                "hostname_type": "ip-name"
              }
            ],
            "private_ip": "10.0.1.154",
            "public_dns": "",
            "public_ip": "100.55.151.209",
            "region": "us-east-1",
            "root_block_device": [
              {
                "delete_on_termination": true,
                "device_name": "/dev/sda1",
                "encrypted": false,
                "iops": 3000,
                "kms_key_id": "",
                "tags": {},
                "tags_all": {},
                "throughput": 125,
                "volume_id": "vol-06a3aa6231fe231db",
                "volume_size": 8,
                "volume_type": "gp3"
              }
            ],
            "secondary_network_interface": [],
            "secondary_private_ips": [],
            "security_groups": [],
            "source_dest_check": true,
            "spot_instance_request_id": "",
            "subnet_id": "subnet-0c1da17908e7cfc5d",
            "tags": {
              "Name": "jenkins-server"
            },
            "tags_all": {
              "Name": "jenkins-server"
            },
            "tenancy": "default",
            "timeouts": null,
            "user_data": "#!/bin/bash\n\napt update -y\n\napt install docker.io -y\nsystemctl start docker\nsystemctl enable docker\nusermod -aG docker ubuntu\n\napt install openjdk-17-jdk -y\n\ncurl -fsSL https://pkg.jenkins.io/debian-stable/jenkins.io.key | tee \\\n/usr/share/keyrings/jenkins-keyring.asc\n\necho deb [signed-by=/usr/share/keyrings/jenkins-keyring.asc] \\\nhttps://pkg.jenkins.io/debian-stable binary/ \\\n\u003e /etc/apt/sources.list.d/jenkins.list\n\napt update -y\napt install jenkins -y\n\nsystemctl start jenkins\nsystemctl enable jenkins\n",
            "user_data_base64": null,
            "user_data_replace_on_change": false,
            "volume_tags": null,
            "vpc_security_group_ids": [
              "sg-058251d79a4c38216"
            ]
          },
          "sensitive_attributes": [],
          "identity_schema_version": 0,
          "identity": {
            "account_id": "201611060213",
            "id": "i-00aecd77b8b1747d0",
            "region": "us-east-1"
          },
          "private": "eyJlMmJmYjczMC1lY2FhLTExZTYtOGY4OC0zNDM2M2JjN2M0YzAiOnsiY3JlYXRlIjo2MDAwMDAwMDAwMDAsImRlbGV0ZSI6MTIwMDAwMDAwMDAwMCwicmVhZCI6OTAwMDAwMDAwMDAwLCJ1cGRhdGUiOjYwMDAwMDAwMDAwMH0sInNjaGVtYV92ZXJzaW9uIjoiMiJ9",
          "dependencies": [
            "aws_security_group.jenkins_sg",
            "aws_subnet.public",
            "aws_vpc.main"
          ]
        }
      ]
    },
    {
      "mode": "managed",
      "type": "aws_internet_gateway",
      "name": "gw",
      "provider": "provider[\"registry.terraform.io/hashicorp/aws\"]",
      "instances": [
        {
          "schema_version": 0,
          "attributes": {
            "arn": "arn:aws:ec2:us-east-1:201611060213:internet-gateway/igw-062da5efbfbe969c0",
            "id": "igw-062da5efbfbe969c0",
            "owner_id": "201611060213",
            "region": "us-east-1",
            "tags": {},
            "tags_all": {},
            "timeouts": null,
            "vpc_id": "vpc-057dd5cdf31040d7f"
          },
          "sensitive_attributes": [],
          "identity_schema_version": 0,
          "private": "eyJlMmJmYjczMC1lY2FhLTExZTYtOGY4OC0zNDM2M2JjN2M0YzAiOnsiY3JlYXRlIjoxMjAwMDAwMDAwMDAwLCJkZWxldGUiOjEyMDAwMDAwMDAwMDAsInVwZGF0ZSI6MTIwMDAwMDAwMDAwMH19",
          "dependencies": [
            "aws_vpc.main"
          ]
        }
      ]
    },
    {
      "mode": "managed",
      "type": "aws_route_table",
      "name": "rt",
      "provider": "provider[\"registry.terraform.io/hashicorp/aws\"]",
      "instances": [
        {
          "schema_version": 0,
          "attributes": {
            "arn": "arn:aws:ec2:us-east-1:201611060213:route-table/rtb-03a3352d56cb131bb",
            "id": "rtb-03a3352d56cb131bb",
            "owner_id": "201611060213",
            "propagating_vgws": [],
            "region": "us-east-1",
            "route": [
              {
                "carrier_gateway_id": "",
                "cidr_block": "0.0.0.0/0",
                "core_network_arn": "",
                "destination_prefix_list_id": "",
                "egress_only_gateway_id": "",
                "gateway_id": "igw-062da5efbfbe969c0",
                "ipv6_cidr_block": "",
                "local_gateway_id": "",
                "nat_gateway_id": "",
                "network_interface_id": "",
                "transit_gateway_id": "",
                "vpc_endpoint_id": "",
                "vpc_peering_connection_id": ""
              }
            ],
            "tags": {},
            "tags_all": {},
            "timeouts": null,
            "vpc_id": "vpc-057dd5cdf31040d7f"
          },
          "sensitive_attributes": [],
          "identity_schema_version": 0,
          "identity": {
            "account_id": "201611060213",
            "id": "rtb-03a3352d56cb131bb",
            "region": "us-east-1"
          },
          "private": "eyJlMmJmYjczMC1lY2FhLTExZTYtOGY4OC0zNDM2M2JjN2M0YzAiOnsiY3JlYXRlIjozMDAwMDAwMDAwMDAsImRlbGV0ZSI6MzAwMDAwMDAwMDAwLCJ1cGRhdGUiOjEyMDAwMDAwMDAwMH19",
          "dependencies": [
            "aws_internet_gateway.gw",
            "aws_vpc.main"
          ]
        }
      ]
    },
    {
      "mode": "managed",
      "type": "aws_route_table_association",
      "name": "a",
      "provider": "provider[\"registry.terraform.io/hashicorp/aws\"]",
      "instances": [
        {
          "schema_version": 0,
          "attributes": {
            "gateway_id": "",
            "id": "rtbassoc-0f6f4c05fa46b0ce8",
            "region": "us-east-1",
            "route_table_id": "rtb-03a3352d56cb131bb",
            "subnet_id": "subnet-0c1da17908e7cfc5d",
            "timeouts": null
          },
          "sensitive_attributes": [],
          "identity_schema_version": 0,
          "private": "eyJlMmJmYjczMC1lY2FhLTExZTYtOGY4OC0zNDM2M2JjN2M0YzAiOnsiY3JlYXRlIjozMDAwMDAwMDAwMDAsImRlbGV0ZSI6MzAwMDAwMDAwMDAwLCJ1cGRhdGUiOjEyMDAwMDAwMDAwMH19",
          "dependencies": [
            "aws_internet_gateway.gw",
            "aws_route_table.rt",
            "aws_subnet.public",
            "aws_vpc.main"
          ]
        }
      ]
    },
    {
      "mode": "managed",
      "type": "aws_security_group",
      "name": "jenkins_sg",
      "provider": "provider[\"registry.terraform.io/hashicorp/aws\"]",
      "instances": [
        {
          "schema_version": 1,
          "attributes": {
            "arn": "arn:aws:ec2:us-east-1:201611060213:security-group/sg-058251d79a4c38216",
            "description": "Managed by Terraform",
            "egress": [
              {
                "cidr_blocks": [
                  "0.0.0.0/0"
                ],
                "description": "",
                "from_port": 0,
                "ipv6_cidr_blocks": [],
                "prefix_list_ids": [],
                "protocol": "-1",
                "security_groups": [],
                "self": false,
                "to_port": 0
              }
            ],
            "id": "sg-058251d79a4c38216",
            "ingress": [
              {
                "cidr_blocks": [
                  "0.0.0.0/0"
                ],
                "description": "",
                "from_port": 22,
                "ipv6_cidr_blocks": [],
                "prefix_list_ids": [],
                "protocol": "tcp",
                "security_groups": [],
                "self": false,
                "to_port": 22
              },
              {
                "cidr_blocks": [
                  "0.0.0.0/0"
                ],
                "description": "",
                "from_port": 8080,
                "ipv6_cidr_blocks": [],
                "prefix_list_ids": [],
                "protocol": "tcp",
                "security_groups": [],
                "self": false,
                "to_port": 8080
              }
            ],
            "name": "terraform-20260309075117126700000001",
            "name_prefix": "terraform-",
            "owner_id": "201611060213",
            "region": "us-east-1",
            "revoke_rules_on_delete": false,
            "tags": {},
            "tags_all": {},
            "timeouts": null,
            "vpc_id": "vpc-057dd5cdf31040d7f"
          },
          "sensitive_attributes": [],
          "identity_schema_version": 0,
          "identity": {
            "account_id": "201611060213",
            "id": "sg-058251d79a4c38216",
            "region": "us-east-1"
          },
          "private": "eyJlMmJmYjczMC1lY2FhLTExZTYtOGY4OC0zNDM2M2JjN2M0YzAiOnsiY3JlYXRlIjo2MDAwMDAwMDAwMDAsImRlbGV0ZSI6OTAwMDAwMDAwMDAwfSwic2NoZW1hX3ZlcnNpb24iOiIxIn0=",
          "dependencies": [
            "aws_vpc.main"
          ]
        }
      ]
    },
    {
      "mode": "managed",
      "type": "aws_subnet",
      "name": "public",
      "provider": "provider[\"registry.terraform.io/hashicorp/aws\"]",
      "instances": [
        {
          "schema_version": 1,
          "attributes": {
            "arn": "arn:aws:ec2:us-east-1:201611060213:subnet/subnet-0c1da17908e7cfc5d",
            "assign_ipv6_address_on_creation": false,
            "availability_zone": "us-east-1f",
            "availability_zone_id": "use1-az5",
            "cidr_block": "10.0.1.0/24",
            "customer_owned_ipv4_pool": "",
            "enable_dns64": false,
            "enable_lni_at_device_index": 0,
            "enable_resource_name_dns_a_record_on_launch": false,
            "enable_resource_name_dns_aaaa_record_on_launch": false,
            "id": "subnet-0c1da17908e7cfc5d",
            "ipv4_ipam_pool_id": null,
            "ipv4_netmask_length": null,
            "ipv6_cidr_block": "",
            "ipv6_cidr_block_association_id": "",
            "ipv6_ipam_pool_id": null,
            "ipv6_native": false,
            "ipv6_netmask_length": null,
            "map_customer_owned_ip_on_launch": false,
            "map_public_ip_on_launch": true,
            "outpost_arn": "",
            "owner_id": "201611060213",
            "private_dns_hostname_type_on_launch": "ip-name",
            "region": "us-east-1",
            "tags": {},
            "tags_all": {},
            "timeouts": null,
            "vpc_id": "vpc-057dd5cdf31040d7f"
          },
          "sensitive_attributes": [],
          "identity_schema_version": 0,
          "identity": {
            "account_id": "201611060213",
            "id": "subnet-0c1da17908e7cfc5d",
            "region": "us-east-1"
          },
          "private": "eyJlMmJmYjczMC1lY2FhLTExZTYtOGY4OC0zNDM2M2JjN2M0YzAiOnsiY3JlYXRlIjo2MDAwMDAwMDAwMDAsImRlbGV0ZSI6MTIwMDAwMDAwMDAwMH0sInNjaGVtYV92ZXJzaW9uIjoiMSJ9",
          "dependencies": [
            "aws_vpc.main"
          ]
        }
      ]
    },
    {
      "mode": "managed",
      "type": "aws_vpc",
      "name": "main",
      "provider": "provider[\"registry.terraform.io/hashicorp/aws\"]",
      "instances": [
        {
          "schema_version": 1,
          "attributes": {
            "arn": "arn:aws:ec2:us-east-1:201611060213:vpc/vpc-057dd5cdf31040d7f",
            "assign_generated_ipv6_cidr_block": false,
            "cidr_block": "10.0.0.0/16",
            "default_network_acl_id": "acl-0fa11306b20743fdc",
            "default_route_table_id": "rtb-0b69b9462181d6d2f",
            "default_security_group_id": "sg-010cbea2e8bdc1ced",
            "dhcp_options_id": "dopt-0bedeadea257a02f8",
            "enable_dns_hostnames": false,
            "enable_dns_support": true,
            "enable_network_address_usage_metrics": false,
            "id": "vpc-057dd5cdf31040d7f",
            "instance_tenancy": "default",
            "ipv4_ipam_pool_id": null,
            "ipv4_netmask_length": null,
            "ipv6_association_id": "",
            "ipv6_cidr_block": "",
            "ipv6_cidr_block_network_border_group": "",
            "ipv6_ipam_pool_id": "",
            "ipv6_netmask_length": 0,
            "main_route_table_id": "rtb-0b69b9462181d6d2f",
            "owner_id": "201611060213",
            "region": "us-east-1",
            "tags": {},
            "tags_all": {}
          },
          "sensitive_attributes": [],
          "identity_schema_version": 0,
          "identity": {
            "account_id": "201611060213",
            "id": "vpc-057dd5cdf31040d7f",
            "region": "us-east-1"
          },
          "private": "eyJzY2hlbWFfdmVyc2lvbiI6IjEifQ=="
        }
      ]
    }
  ],
  "check_results": null
}
